// !$*UTF8*$!
{
	archiveVersion = 1;
	classes = {
	};
	objectVersion = 56;
	objects = {

/* Begin PBXBuildFile section */
		E197F1BA2AFFC76A00CCA47F /* AppDelegate.swift in Sources */ = {isa = PBXBuildFile; fileRef = E197F1B92AFFC76A00CCA47F /* AppDelegate.swift */; };
		E197F1BC2AFFC76A00CCA47F /* SceneDelegate.swift in Sources */ = {isa = PBXBuildFile; fileRef = E197F1BB2AFFC76A00CCA47F /* SceneDelegate.swift */; };
		E197F1BE2AFFC76A00CCA47F /* ViewController.swift in Sources */ = {isa = PBXBuildFile; fileRef = E197F1BD2AFFC76A00CCA47F /* ViewController.swift */; };
		E197F1C12AFFC76A00CCA47F /* Main.storyboard in Resources */ = {isa = PBXBuildFile; fileRef = E197F1BF2AFFC76A00CCA47F /* Main.storyboard */; };
		E197F1C32AFFC76D00CCA47F /* Assets.xcassets in Resources */ = {isa = PBXBuildFile; fileRef = E197F1C22AFFC76D00CCA47F /* Assets.xcassets */; };
		E197F1C62AFFC76D00CCA47F /* LaunchScreen.storyboard in Resources */ = {isa = PBXBuildFile; fileRef = E197F1C42AFFC76D00CCA47F /* LaunchScreen.storyboard */; };
		E197F1D12AFFC76D00CCA47F /* Lab8_Weather_AppTests.swift in Sources */ = {isa = PBXBuildFile; fileRef = E197F1D02AFFC76D00CCA47F /* Lab8_Weather_AppTests.swift */; };
		E197F1DB2AFFC76D00CCA47F /* Lab8_Weather_AppUITests.swift in Sources */ = {isa = PBXBuildFile; fileRef = E197F1DA2AFFC76D00CCA47F /* Lab8_Weather_AppUITests.swift */; };
		E197F1DD2AFFC76D00CCA47F /* Lab8_Weather_AppUITestsLaunchTests.swift in Sources */ = {isa = PBXBuildFile; fileRef = E197F1DC2AFFC76D00CCA47F /* Lab8_Weather_AppUITestsLaunchTests.swift */; };
		E197F1EA2AFFD84700CCA47F /* Weather.swift in Sources */ = {isa = PBXBuildFile; fileRef = E197F1E92AFFD84700CCA47F /* Weather.swift */; };
/* End PBXBuildFile section */

/* Begin PBXContainerItemProxy section */
		E197F1CD2AFFC76D00CCA47F /* PBXContainerItemProxy */ = {
			isa = PBXContainerItemProxy;
			containerPortal = E197F1AE2AFFC76A00CCA47F /* Project object */;
			proxyType = 1;
			remoteGlobalIDString = E197F1B52AFFC76A00CCA47F;
			remoteInfo = "Lab8-Weather-App";
		};
		E197F1D72AFFC76D00CCA47F /* PBXContainerItemProxy */ = {
			isa = PBXContainerItemProxy;
			containerPortal = E197F1AE2AFFC76A00CCA47F /* Project object */;
			proxyType = 1;
			remoteGlobalIDString = E197F1B52AFFC76A00CCA47F;
			remoteInfo = "Lab8-Weather-App";
		};
/* End PBXContainerItemProxy section */

/* Begin PBXFileReference section */
		E197F1B62AFFC76A00CCA47F /* Lab8-Weather-App.app */ = {isa = PBXFileReference; explicitFileType = wrapper.application; includeInIndex = 0; path = "Lab8-Weather-App.app"; sourceTree = BUILT_PRODUCTS_DIR; };
		E197F1B92AFFC76A00CCA47F /* AppDelegate.swift */ = {isa = PBXFileReference; lastKnownFileType = sourcecode.swift; path = AppDelegate.swift; sourceTree = "<group>"; };
		E197F1BB2AFFC76A00CCA47F /* SceneDelegate.swift */ = {isa = PBXFileReference; lastKnownFileType = sourcecode.swift; path = SceneDelegate.swift; sourceTree = "<group>"; };
		E197F1BD2AFFC76A00CCA47F /* ViewController.swift */ = {isa = PBXFileReference; lastKnownFileType = sourcecode.swift; path = ViewController.swift; sourceTree = "<group>"; };
		E197F1C02AFFC76A00CCA47F /* Base */ = {isa = PBXFileReference; lastKnownFileType = file.storyboard; name = Base; path = Base.lproj/Main.storyboard; sourceTree = "<group>"; };
		E197F1C22AFFC76D00CCA47F /* Assets.xcassets */ = {isa = PBXFileReference; lastKnownFileType = folder.assetcatalog; path = Assets.xcassets; sourceTree = "<group>"; };
		E197F1C52AFFC76D00CCA47F /* Base */ = {isa = PBXFileReference; lastKnownFileType = file.storyboard; name = Base; path = Base.lproj/LaunchScreen.storyboard; sourceTree = "<group>"; };
		E197F1C72AFFC76D00CCA47F /* Info.plist */ = {isa = PBXFileReference; lastKnownFileType = text.plist.xml; path = Info.plist; sourceTree = "<group>"; };
		E197F1CC2AFFC76D00CCA47F /* Lab8-Weather-AppTests.xctest */ = {isa = PBXFileReference; explicitFileType = wrapper.cfbundle; includeInIndex = 0; path = "Lab8-Weather-AppTests.xctest"; sourceTree = BUILT_PRODUCTS_DIR; };
		E197F1D02AFFC76D00CCA47F /* Lab8_Weather_AppTests.swift */ = {isa = PBXFileReference; lastKnownFileType = sourcecode.swift; path = Lab8_Weather_AppTests.swift; sourceTree = "<group>"; };
		E197F1D62AFFC76D00CCA47F /* Lab8-Weather-AppUITests.xctest */ = {isa = PBXFileReference; explicitFileType = wrapper.cfbundle; includeInIndex = 0; path = "Lab8-Weather-AppUITests.xctest"; sourceTree = BUILT_PRODUCTS_DIR; };
		E197F1DA2AFFC76D00CCA47F /* Lab8_Weather_AppUITests.swift */ = {isa = PBXFileReference; lastKnownFileType = sourcecode.swift; path = Lab8_Weather_AppUITests.swift; sourceTree = "<group>"; };
		E197F1DC2AFFC76D00CCA47F /* Lab8_Weather_AppUITestsLaunchTests.swift */ = {isa = PBXFileReference; lastKnownFileType = sourcecode.swift; path = Lab8_Weather_AppUITestsLaunchTests.swift; sourceTree = "<group>"; };
		E197F1E92AFFD84700CCA47F /* Weather.swift */ = {isa = PBXFileReference; lastKnownFileType = sourcecode.swift; path = Weather.swift; sourceTree = "<group>"; };
/* End PBXFileReference section */

/* Begin PBXFrameworksBuildPhase section */
		E197F1B32AFFC76A00CCA47F /* Frameworks */ = {
			isa = PBXFrameworksBuildPhase;
			buildActionMask = 2147483647;
			files = (
			);
			runOnlyForDeploymentPostprocessing = 0;
		};
		E197F1C92AFFC76D00CCA47F /* Frameworks */ = {
			isa = PBXFrameworksBuildPhase;
			buildActionMask = 2147483647;
			files = (
			);
			runOnlyForDeploymentPostprocessing = 0;
		};
		E197F1D32AFFC76D00CCA47F /* Frameworks */ = {
			isa = PBXFrameworksBuildPhase;
			buildActionMask = 2147483647;
			files = (
			);
			runOnlyForDeploymentPostprocessing = 0;
		};
/* End PBXFrameworksBuildPhase section */

/* Begin PBXGroup section */
		E197F1AD2AFFC76A00CCA47F = {
			isa = PBXGroup;
			children = (
				E197F1E92AFFD84700CCA47F /* Weather.swift */,
				E197F1B82AFFC76A00CCA47F /* Lab8-Weather-App */,
				E197F1CF2AFFC76D00CCA47F /* Lab8-Weather-AppTests */,
				E197F1D92AFFC76D00CCA47F /* Lab8-Weather-AppUITests */,
				E197F1B72AFFC76A00CCA47F /* Products */,
			);
			sourceTree = "<group>";
		};
		E197F1B72AFFC76A00CCA47F /* Products */ = {
			isa = PBXGroup;
			children = (
				E197F1B62AFFC76A00CCA47F /* Lab8-Weather-App.app */,
				E197F1CC2AFFC76D00CCA47F /* Lab8-Weather-AppTests.xctest */,
				E197F1D62AFFC76D00CCA47F /* Lab8-Weather-AppUITests.xctest */,
			);
			name = Products;
			sourceTree = "<group>";
		};
		E197F1B82AFFC76A00CCA47F /* Lab8-Weather-App */ = {
			isa = PBXGroup;
			children = (
				E197F1B92AFFC76A00CCA47F /* AppDelegate.swift */,
				E197F1BB2AFFC76A00CCA47F /* SceneDelegate.swift */,
				E197F1BD2AFFC76A00CCA47F /* ViewController.swift */,
				E197F1BF2AFFC76A00CCA47F /* Main.storyboard */,
				E197F1C22AFFC76D00CCA47F /* Assets.xcassets */,
				E197F1C42AFFC76D00CCA47F /* LaunchScreen.storyboard */,
				E197F1C72AFFC76D00CCA47F /* Info.plist */,
			);
			path = "Lab8-Weather-App";
			sourceTree = "<group>";
		};
		E197F1CF2AFFC76D00CCA47F /* Lab8-Weather-AppTests */ = {
			isa = PBXGroup;
			children = (
				E197F1D02AFFC76D00CCA47F /* Lab8_Weather_AppTests.swift */,
			);
			path = "Lab8-Weather-AppTests";
			sourceTree = "<group>";
		};
		E197F1D92AFFC76D00CCA47F /* Lab8-Weather-AppUITests */ = {
			isa = PBXGroup;
			children = (
				E197F1DA2AFFC76D00CCA47F /* Lab8_Weather_AppUITests.swift */,
				E197F1DC2AFFC76D00CCA47F /* Lab8_Weather_AppUITestsLaunchTests.swift */,
			);
			path = "Lab8-Weather-AppUITests";
			sourceTree = "<group>";
		};
/* End PBXGroup section */

/* Begin PBXNativeTarget section */
		E197F1B52AFFC76A00CCA47F /* Lab8-Weather-App */ = {
			isa = PBXNativeTarget;
			buildConfigurationList = E197F1E02AFFC76D00CCA47F /* Build configuration list for PBXNativeTarget "Lab8-Weather-App" */;
			buildPhases = (
				E197F1B22AFFC76A00CCA47F /* Sources */,
				E197F1B32AFFC76A00CCA47F /* Frameworks */,
				E197F1B42AFFC76A00CCA47F /* Resources */,
			);
			buildRules = (
			);
			dependencies = (
			);
			name = "Lab8-Weather-App";
			productName = "Lab8-Weather-App";
			productReference = E197F1B62AFFC76A00CCA47F /* Lab8-Weather-App.app */;
			productType = "com.apple.product-type.application";
		};
		E197F1CB2AFFC76D00CCA47F /* Lab8-Weather-AppTests */ = {
			isa = PBXNativeTarget;
			buildConfigurationList = E197F1E32AFFC76D00CCA47F /* Build configuration list for PBXNativeTarget "Lab8-Weather-AppTests" */;
			buildPhases = (
				E197F1C82AFFC76D00CCA47F /* Sources */,
				E197F1C92AFFC76D00CCA47F /* Frameworks */,
				E197F1CA2AFFC76D00CCA47F /* Resources */,
			);
			buildRules = (
			);
			dependencies = (
				E197F1CE2AFFC76D00CCA47F /* PBXTargetDependency */,
			);
			name = "Lab8-Weather-AppTests";
			productName = "Lab8-Weather-AppTests";
			productReference = E197F1CC2AFFC76D00CCA47F /* Lab8-Weather-AppTests.xctest */;
			productType = "com.apple.product-type.bundle.unit-test";
		};
		E197F1D52AFFC76D00CCA47F /* Lab8-Weather-AppUITests */ = {
			isa = PBXNativeTarget;
			buildConfigurationList = E197F1E62AFFC76D00CCA47F /* Build configuration list for PBXNativeTarget "Lab8-Weather-AppUITests" */;
			buildPhases = (
				E197F1D22AFFC76D00CCA47F /* Sources */,
				E197F1D32AFFC76D00CCA47F /* Frameworks */,
				E197F1D42AFFC76D00CCA47F /* Resources */,
			);
			buildRules = (
			);
			dependencies = (
				E197F1D82AFFC76D00CCA47F /* PBXTargetDependency */,
			);
			name = "Lab8-Weather-AppUITests";
			productName = "Lab8-Weather-AppUITests";
			productReference = E197F1D62AFFC76D00CCA47F /* Lab8-Weather-AppUITests.xctest */;
			productType = "com.apple.product-type.bundle.ui-testing";
		};
/* End PBXNativeTarget section */

/* Begin PBXProject section */
		E197F1AE2AFFC76A00CCA47F /* Project object */ = {
			isa = PBXProject;
			attributes = {
				BuildIndependentTargetsInParallel = 1;
				LastSwiftUpdateCheck = 1500;
				LastUpgradeCheck = 1500;
				TargetAttributes = {
					E197F1B52AFFC76A00CCA47F = {
						CreatedOnToolsVersion = 15.0.1;
					};
					E197F1CB2AFFC76D00CCA47F = {
						CreatedOnToolsVersion = 15.0.1;
						TestTargetID = E197F1B52AFFC76A00CCA47F;
					};
					E197F1D52AFFC76D00CCA47F = {
						CreatedOnToolsVersion = 15.0.1;
						TestTargetID = E197F1B52AFFC76A00CCA47F;
					};
				};
			};
			buildConfigurationList = E197F1B12AFFC76A00CCA47F /* Build configuration list for PBXProject "Lab8-Weather-App" */;
			compatibilityVersion = "Xcode 14.0";
			developmentRegion = en;
			hasScannedForEncodings = 0;
			knownRegions = (
				en,
				Base,
			);
			mainGroup = E197F1AD2AFFC76A00CCA47F;
			productRefGroup = E197F1B72AFFC76A00CCA47F /* Products */;
			projectDirPath = "";
			projectRoot = "";
			targets = (
				E197F1B52AFFC76A00CCA47F /* Lab8-Weather-App */,
				E197F1CB2AFFC76D00CCA47F /* Lab8-Weather-AppTests */,
				E197F1D52AFFC76D00CCA47F /* Lab8-Weather-AppUITests */,
			);
		};
/* End PBXProject section */

/* Begin PBXResourcesBuildPhase section */
		E197F1B42AFFC76A00CCA47F /* Resources */ = {
			isa = PBXResourcesBuildPhase;
			buildActionMask = 2147483647;
			files = (
				E197F1C62AFFC76D00CCA47F /* LaunchScreen.storyboard in Resources */,
				E197F1C32AFFC76D00CCA47F /* Assets.xcassets in Resources */,
				E197F1C12AFFC76A00CCA47F /* Main.storyboard in Resources */,
			);
			runOnlyForDeploymentPostprocessing = 0;
		};
		E197F1CA2AFFC76D00CCA47F /* Resources */ = {
			isa = PBXResourcesBuildPhase;
			buildActionMask = 2147483647;
			files = (
			);
			runOnlyForDeploymentPostprocessing = 0;
		};
		E197F1D42AFFC76D00CCA47F /* Resources */ = {
			isa = PBXResourcesBuildPhase;
			buildActionMask = 2147483647;
			files = (
			);
			runOnlyForDeploymentPostprocessing = 0;
		};
/* End PBXResourcesBuildPhase section */

/* Begin PBXSourcesBuildPhase section */
		E197F1B22AFFC76A00CCA47F /* Sources */ = {
			isa = PBXSourcesBuildPhase;
			buildActionMask = 2147483647;
			files = (
				E197F1EA2AFFD84700CCA47F /* Weather.swift in Sources */,
				E197F1BE2AFFC76A00CCA47F /* ViewController.swift in Sources */,
				E197F1BA2AFFC76A00CCA47F /* AppDelegate.swift in Sources */,
				E197F1BC2AFFC76A00CCA47F /* SceneDelegate.swift in Sources */,
			);
			runOnlyForDeploymentPostprocessing = 0;
		};
		E197F1C82AFFC76D00CCA47F /* Sources */ = {
			isa = PBXSourcesBuildPhase;
			buildActionMask = 2147483647;
			files = (
				E197F1D12AFFC76D00CCA47F /* Lab8_Weather_AppTests.swift in Sources */,
			);
			runOnlyForDeploymentPostprocessing = 0;
		};
		E197F1D22AFFC76D00CCA47F /* Sources */ = {
			isa = PBXSourcesBuildPhase;
			buildActionMask = 2147483647;
			files = (
				E197F1DD2AFFC76D00CCA47F /* Lab8_Weather_AppUITestsLaunchTests.swift in Sources */,
				E197F1DB2AFFC76D00CCA47F /* Lab8_Weather_AppUITests.swift in Sources */,
			);
			runOnlyForDeploymentPostprocessing = 0;
		};
/* End PBXSourcesBuildPhase section */

/* Begin PBXTargetDependency section */
		E197F1CE2AFFC76D00CCA47F /* PBXTargetDependency */ = {
			isa = PBXTargetDependency;
			target = E197F1B52AFFC76A00CCA47F /* Lab8-Weather-App */;
			targetProxy = E197F1CD2AFFC76D00CCA47F /* PBXContainerItemProxy */;
		};
		E197F1D82AFFC76D00CCA47F /* PBXTargetDependency */ = {
			isa = PBXTargetDependency;
			target = E197F1B52AFFC76A00CCA47F /* Lab8-Weather-App */;
			targetProxy = E197F1D72AFFC76D00CCA47F /* PBXContainerItemProxy */;
		};
/* End PBXTargetDependency section */

/* Begin PBXVariantGroup section */
		E197F1BF2AFFC76A00CCA47F /* Main.storyboard */ = {
			isa = PBXVariantGroup;
			children = (
				E197F1C02AFFC76A00CCA47F /* Base */,
			);
			name = Main.storyboard;
			sourceTree = "<group>";
		};
		E197F1C42AFFC76D00CCA47F /* LaunchScreen.storyboard */ = {
			isa = PBXVariantGroup;
			children = (
				E197F1C52AFFC76D00CCA47F /* Base */,
			);
			name = LaunchScreen.storyboard;
			sourceTree = "<group>";
		};
/* End PBXVariantGroup section */

/* Begin XCBuildConfiguration section */
		E197F1DE2AFFC76D00CCA47F /* Debug */ = {
			isa = XCBuildConfiguration;
			buildSettings = {
				ALWAYS_SEARCH_USER_PATHS = NO;
				ASSETCATALOG_COMPILER_GENERATE_SWIFT_ASSET_SYMBOL_EXTENSIONS = YES;
				CLANG_ANALYZER_NONNULL = YES;
				CLANG_ANALYZER_NUMBER_OBJECT_CONVERSION = YES_AGGRESSIVE;
				CLANG_CXX_LANGUAGE_STANDARD = "gnu++20";
				CLANG_ENABLE_MODULES = YES;
				CLANG_ENABLE_OBJC_ARC = YES;
				CLANG_ENABLE_OBJC_WEAK = YES;
				CLANG_WARN_BLOCK_CAPTURE_AUTORELEASING = YES;
				CLANG_WARN_BOOL_CONVERSION = YES;
				CLANG_WARN_COMMA = YES;
				CLANG_WARN_CONSTANT_CONVERSION = YES;
				CLANG_WARN_DEPRECATED_OBJC_IMPLEMENTATIONS = YES;
				CLANG_WARN_DIRECT_OBJC_ISA_USAGE = YES_ERROR;
				CLANG_WARN_DOCUMENTATION_COMMENTS = YES;
				CLANG_WARN_EMPTY_BODY = YES;
				CLANG_WARN_ENUM_CONVERSION = YES;
				CLANG_WARN_INFINITE_RECURSION = YES;
				CLANG_WARN_INT_CONVERSION = YES;
				CLANG_WARN_NON_LITERAL_NULL_CONVERSION = YES;
				CLANG_WARN_OBJC_IMPLICIT_RETAIN_SELF = YES;
				CLANG_WARN_OBJC_LITERAL_CONVERSION = YES;
				CLANG_WARN_OBJC_ROOT_CLASS = YES_ERROR;
				CLANG_WARN_QUOTED_INCLUDE_IN_FRAMEWORK_HEADER = YES;
				CLANG_WARN_RANGE_LOOP_ANALYSIS = YES;
				CLANG_WARN_STRICT_PROTOTYPES = YES;
				CLANG_WARN_SUSPICIOUS_MOVE = YES;
				CLANG_WARN_UNGUARDED_AVAILABILITY = YES_AGGRESSIVE;
				CLANG_WARN_UNREACHABLE_CODE = YES;
				CLANG_WARN__DUPLICATE_METHOD_MATCH = YES;
				COPY_PHASE_STRIP = NO;
				DEBUG_INFORMATION_FORMAT = dwarf;
				ENABLE_STRICT_OBJC_MSGSEND = YES;
				ENABLE_TESTABILITY = YES;
				ENABLE_USER_SCRIPT_SANDBOXING = YES;
				GCC_C_LANGUAGE_STANDARD = gnu17;
				GCC_DYNAMIC_NO_PIC = NO;
				GCC_NO_COMMON_BLOCKS = YES;
				GCC_OPTIMIZATION_LEVEL = 0;
				GCC_PREPROCESSOR_DEFINITIONS = (
					"DEBUG=1",
					"$(inherited)",
				);
				GCC_WARN_64_TO_32_BIT_CONVERSION = YES;
				GCC_WARN_ABOUT_RETURN_TYPE = YES_ERROR;
				GCC_WARN_UNDECLARED_SELECTOR = YES;
				GCC_WARN_UNINITIALIZED_AUTOS = YES_AGGRESSIVE;
				GCC_WARN_UNUSED_FUNCTION = YES;
				GCC_WARN_UNUSED_VARIABLE = YES;
				IPHONEOS_DEPLOYMENT_TARGET = 17.0;
				LOCALIZATION_PREFERS_STRING_CATALOGS = YES;
				MTL_ENABLE_DEBUG_INFO = INCLUDE_SOURCE;
				MTL_FAST_MATH = YES;
				ONLY_ACTIVE_ARCH = YES;
				SDKROOT = iphoneos;
				SWIFT_ACTIVE_COMPILATION_CONDITIONS = "DEBUG $(inherited)";
				SWIFT_OPTIMIZATION_LEVEL = "-Onone";
			};
			name = Debug;
		};
		E197F1DF2AFFC76D00CCA47F /* Release */ = {
			isa = XCBuildConfiguration;
			buildSettings = {
				ALWAYS_SEARCH_USER_PATHS = NO;
				ASSETCATALOG_COMPILER_GENERATE_SWIFT_ASSET_SYMBOL_EXTENSIONS = YES;
				CLANG_ANALYZER_NONNULL = YES;
				CLANG_ANALYZER_NUMBER_OBJECT_CONVERSION = YES_AGGRESSIVE;
				CLANG_CXX_LANGUAGE_STANDARD = "gnu++20";
				CLANG_ENABLE_MODULES = YES;
				CLANG_ENABLE_OBJC_ARC = YES;
				CLANG_ENABLE_OBJC_WEAK = YES;
				CLANG_WARN_BLOCK_CAPTURE_AUTORELEASING = YES;
				CLANG_WARN_BOOL_CONVERSION = YES;
				CLANG_WARN_COMMA = YES;
				CLANG_WARN_CONSTANT_CONVERSION = YES;
				CLANG_WARN_DEPRECATED_OBJC_IMPLEMENTATIONS = YES;
				CLANG_WARN_DIRECT_OBJC_ISA_USAGE = YES_ERROR;
				CLANG_WARN_DOCUMENTATION_COMMENTS = YES;
				CLANG_WARN_EMPTY_BODY = YES;
				CLANG_WARN_ENUM_CONVERSION = YES;
				CLANG_WARN_INFINITE_RECURSION = YES;
				CLANG_WARN_INT_CONVERSION = YES;
				CLANG_WARN_NON_LITERAL_NULL_CONVERSION = YES;
				CLANG_WARN_OBJC_IMPLICIT_RETAIN_SELF = YES;
				CLANG_WARN_OBJC_LITERAL_CONVERSION = YES;
				CLANG_WARN_OBJC_ROOT_CLASS = YES_ERROR;
				CLANG_WARN_QUOTED_INCLUDE_IN_FRAMEWORK_HEADER = YES;
				CLANG_WARN_RANGE_LOOP_ANALYSIS = YES;
				CLANG_WARN_STRICT_PROTOTYPES = YES;
				CLANG_WARN_SUSPICIOUS_MOVE = YES;
				CLANG_WARN_UNGUARDED_AVAILABILITY = YES_AGGRESSIVE;
				CLANG_WARN_UNREACHABLE_CODE = YES;
				CLANG_WARN__DUPLICATE_METHOD_MATCH = YES;
				COPY_PHASE_STRIP = NO;
				DEBUG_INFORMATION_FORMAT = "dwarf-with-dsym";
				ENABLE_NS_ASSERTIONS = NO;
				ENABLE_STRICT_OBJC_MSGSEND = YES;
				ENABLE_USER_SCRIPT_SANDBOXING = YES;
				GCC_C_LANGUAGE_STANDARD = gnu17;
				GCC_NO_COMMON_BLOCKS = YES;
				GCC_WARN_64_TO_32_BIT_CONVERSION = YES;
				GCC_WARN_ABOUT_RETURN_TYPE = YES_ERROR;
				GCC_WARN_UNDECLARED_SELECTOR = YES;
				GCC_WARN_UNINITIALIZED_AUTOS = YES_AGGRESSIVE;
				GCC_WARN_UNUSED_FUNCTION = YES;
				GCC_WARN_UNUSED_VARIABLE = YES;
				IPHONEOS_DEPLOYMENT_TARGET = 17.0;
				LOCALIZATION_PREFERS_STRING_CATALOGS = YES;
				MTL_ENABLE_DEBUG_INFO = NO;
				MTL_FAST_MATH = YES;
				SDKROOT = iphoneos;
				SWIFT_COMPILATION_MODE = wholemodule;
				VALIDATE_PRODUCT = YES;
			};
			name = Release;
		};
		E197F1E12AFFC76D00CCA47F /* Debug */ = {
			isa = XCBuildConfiguration;
			buildSettings = {
				ASSETCATALOG_COMPILER_APPICON_NAME = AppIcon;
				ASSETCATALOG_COMPILER_GLOBAL_ACCENT_COLOR_NAME = AccentColor;
				CODE_SIGN_STYLE = Automatic;
				CURRENT_PROJECT_VERSION = 1;
				GENERATE_INFOPLIST_FILE = YES;
				INFOPLIST_FILE = "Lab8-Weather-App/Info.plist";
				INFOPLIST_KEY_UIApplicationSupportsIndirectInputEvents = YES;
				INFOPLIST_KEY_UILaunchStoryboardName = LaunchScreen;
				INFOPLIST_KEY_UIMainStoryboardFile = Main;
				INFOPLIST_KEY_UISupportedInterfaceOrientations_iPad = "UIInterfaceOrientationPortrait UIInterfaceOrientationPortraitUpsideDown UIInterfaceOrientationLandscapeLeft UIInterfaceOrientationLandscapeRight";
				INFOPLIST_KEY_UISupportedInterfaceOrientations_iPhone = "UIInterfaceOrientationPortrait UIInterfaceOrientationLandscapeLeft UIInterfaceOrientationLandscapeRight";
				LD_RUNPATH_SEARCH_PATHS = (
					"$(inherited)",
					"@executable_path/Frameworks",
				);
				MARKETING_VERSION = 1.0;
				PRODUCT_BUNDLE_IDENTIFIER = "Shaik-Mathar-Syed---Conestoga.Lab8-Weather-App";
				PRODUCT_NAME = "$(TARGET_NAME)";
				SWIFT_EMIT_LOC_STRINGS = YES;
				SWIFT_VERSION = 5.0;
				TARGETED_DEVICE_FAMILY = "1,2";
			};
			name = Debug;
		};
		E197F1E22AFFC76D00CCA47F /* Release */ = {
			isa = XCBuildConfiguration;
			buildSettings = {
				ASSETCATALOG_COMPILER_APPICON_NAME = AppIcon;
				ASSETCATALOG_COMPILER_GLOBAL_ACCENT_COLOR_NAME = AccentColor;
				CODE_SIGN_STYLE = Automatic;
				CURRENT_PROJECT_VERSION = 1;
				GENERATE_INFOPLIST_FILE = YES;
				INFOPLIST_FILE = "Lab8-Weather-App/Info.plist";
				INFOPLIST_KEY_UIApplicationSupportsIndirectInputEvents = YES;
				INFOPLIST_KEY_UILaunchStoryboardName = LaunchScreen;
				INFOPLIST_KEY_UIMainStoryboardFile = Main;
				INFOPLIST_KEY_UISupportedInterfaceOrientations_iPad = "UIInterfaceOrientationPortrait UIInterfaceOrientationPortraitUpsideDown UIInterfaceOrientationLandscapeLeft UIInterfaceOrientationLandscapeRight";
				INFOPLIST_KEY_UISupportedInterfaceOrientations_iPhone = "UIInterfaceOrientationPortrait UIInterfaceOrientationLandscapeLeft UIInterfaceOrientationLandscapeRight";
				LD_RUNPATH_SEARCH_PATHS = (
					"$(inherited)",
					"@executable_path/Frameworks",
				);
				MARKETING_VERSION = 1.0;
				PRODUCT_BUNDLE_IDENTIFIER = "Shaik-Mathar-Syed---Conestoga.Lab8-Weather-App";
				PRODUCT_NAME = "$(TARGET_NAME)";
				SWIFT_EMIT_LOC_STRINGS = YES;
				SWIFT_VERSION = 5.0;
				TARGETED_DEVICE_FAMILY = "1,2";
			};
			name = Release;
		};
		E197F1E42AFFC76D00CCA47F /* Debug */ = {
			isa = XCBuildConfiguration;
			buildSettings = {
				ALWAYS_EMBED_SWIFT_STANDARD_LIBRARIES = YES;
				BUNDLE_LOADER = "$(TEST_HOST)";
				CODE_SIGN_STYLE = Automatic;
				CURRENT_PROJECT_VERSION = 1;
				GENERATE_INFOPLIST_FILE = YES;
				IPHONEOS_DEPLOYMENT_TARGET = 17.0;
				MARKETING_VERSION = 1.0;
				PRODUCT_BUNDLE_IDENTIFIER = "Shaik-Mathar-Syed---Conestoga.Lab8-Weather-AppTests";
				PRODUCT_NAME = "$(TARGET_NAME)";
				SWIFT_EMIT_LOC_STRINGS = NO;
				SWIFT_VERSION = 5.0;
				TARGETED_DEVICE_FAMILY = "1,2";
				TEST_HOST = "$(BUILT_PRODUCTS_DIR)/Lab8-Weather-App.app/$(BUNDLE_EXECUTABLE_FOLDER_PATH)/Lab8-Weather-App";
			};
			name = Debug;
		};
		E197F1E52AFFC76D00CCA47F /* Release */ = {
			isa = XCBuildConfiguration;
			buildSettings = {
				ALWAYS_EMBED_SWIFT_STANDARD_LIBRARIES = YES;
				BUNDLE_LOADER = "$(TEST_HOST)";
				CODE_SIGN_STYLE = Automatic;
				CURRENT_PROJECT_VERSION = 1;
				GENERATE_INFOPLIST_FILE = YES;
				IPHONEOS_DEPLOYMENT_TARGET = 17.0;
				MARKETING_VERSION = 1.0;
				PRODUCT_BUNDLE_IDENTIFIER = "Shaik-Mathar-Syed---Conestoga.Lab8-Weather-AppTests";
				PRODUCT_NAME = "$(TARGET_NAME)";
				SWIFT_EMIT_LOC_STRINGS = NO;
				SWIFT_VERSION = 5.0;
				TARGETED_DEVICE_FAMILY = "1,2";
				TEST_HOST = "$(BUILT_PRODUCTS_DIR)/Lab8-Weather-App.app/$(BUNDLE_EXECUTABLE_FOLDER_PATH)/Lab8-Weather-App";
			};
			name = Release;
		};
		E197F1E72AFFC76D00CCA47F /* Debug */ = {
			isa = XCBuildConfiguration;
			buildSettings = {
				ALWAYS_EMBED_SWIFT_STANDARD_LIBRARIES = YES;
				CODE_SIGN_STYLE = Automatic;
				CURRENT_PROJECT_VERSION = 1;
				GENERATE_INFOPLIST_FILE = YES;
				MARKETING_VERSION = 1.0;
				PRODUCT_BUNDLE_IDENTIFIER = "Shaik-Mathar-Syed---Conestoga.Lab8-Weather-AppUITests";
				PRODUCT_NAME = "$(TARGET_NAME)";
				SWIFT_EMIT_LOC_STRINGS = NO;
				SWIFT_VERSION = 5.0;
				TARGETED_DEVICE_FAMILY = "1,2";
				TEST_TARGET_NAME = "Lab8-Weather-App";
			};
			name = Debug;
		};
		E197F1E82AFFC76D00CCA47F /* Release */ = {
			isa = XCBuildConfiguration;
			buildSettings = {
				ALWAYS_EMBED_SWIFT_STANDARD_LIBRARIES = YES;
				CODE_SIGN_STYLE = Automatic;
				CURRENT_PROJECT_VERSION = 1;
				GENERATE_INFOPLIST_FILE = YES;
				MARKETING_VERSION = 1.0;
				PRODUCT_BUNDLE_IDENTIFIER = "Shaik-Mathar-Syed---Conestoga.Lab8-Weather-AppUITests";
				PRODUCT_NAME = "$(TARGET_NAME)";
				SWIFT_EMIT_LOC_STRINGS = NO;
				SWIFT_VERSION = 5.0;
				TARGETED_DEVICE_FAMILY = "1,2";
				TEST_TARGET_NAME = "Lab8-Weather-App";
			};
			name = Release;
		};
/* End XCBuildConfiguration section */

/* Begin XCConfigurationList section */
		E197F1B12AFFC76A00CCA47F /* Build configuration list for PBXProject "Lab8-Weather-App" */ = {
			isa = XCConfigurationList;
			buildConfigurations = (
				E197F1DE2AFFC76D00CCA47F /* Debug */,
				E197F1DF2AFFC76D00CCA47F /* Release */,
			);
			defaultConfigurationIsVisible = 0;
			defaultConfigurationName = Release;
		};
		E197F1E02AFFC76D00CCA47F /* Build configuration list for PBXNativeTarget "Lab8-Weather-App" */ = {
			isa = XCConfigurationList;
			buildConfigurations = (
				E197F1E12AFFC76D00CCA47F /* Debug */,
				E197F1E22AFFC76D00CCA47F /* Release */,
			);
			defaultConfigurationIsVisible = 0;
			defaultConfigurationName = Release;
		};
		E197F1E32AFFC76D00CCA47F /* Build configuration list for PBXNativeTarget "Lab8-Weather-AppTests" */ = {
			isa = XCConfigurationList;
			buildConfigurations = (
				E197F1E42AFFC76D00CCA47F /* Debug */,
				E197F1E52AFFC76D00CCA47F /* Release */,
			);
			defaultConfigurationIsVisible = 0;
			defaultConfigurationName = Release;
		};
		E197F1E62AFFC76D00CCA47F /* Build configuration list for PBXNativeTarget "Lab8-Weather-AppUITests" */ = {
			isa = XCConfigurationList;
			buildConfigurations = (
				E197F1E72AFFC76D00CCA47F /* Debug */,
				E197F1E82AFFC76D00CCA47F /* Release */,
			);
			defaultConfigurationIsVisible = 0;
			defaultConfigurationName = Release;
		};
/* End XCConfigurationList section */
	};
	rootObject = E197F1AE2AFFC76A00CCA47F /* Project object */;
}
